
Microsoft Visual Studio Solution File, Format Version 11.00
# Visual Studio 2010
Project("{FAE04EC0-301F-11D3-BF4B-00C04F79EFBC}") = "Jungler_Timer", "JunglerTimer\Jungler_Timer.csproj", "{C79D5534-BB5F-4DA2-B3EF-47875AD9632D}"
EndProject
Global
	GlobalSection(SolutionConfigurationPlatforms) = preSolution
		Debug|x86 = Debug|x86
		Release|x86 = Release|x86
	EndGlobalSection
	GlobalSection(ProjectConfigurationPlatforms) = postSolution
		{C79D5534-BB5F-4DA2-B3EF-47875AD9632D}.Debug|x86.ActiveCfg = Debug|x86
		{C79D5534-BB5F-4DA2-B3EF-47875AD9632D}.Debug|x86.Build.0 = Debug|x86
		{C79D5534-BB5F-4DA2-B3EF-47875AD9632D}.Release|x86.ActiveCfg = Release|x86
		{C79D5534-BB5F-4DA2-B3EF-47875AD9632D}.Release|x86.Build.0 = Release|x86
	EndGlobalSection
	GlobalSection(SolutionProperties) = preSolution
		HideSolutionNode = FALSE
	EndGlobalSection
EndGlobal
